// !$*UTF8*$!
{
	archiveVersion = 1;
	classes = {
	};
	objectVersion = 48;
	objects = {

/* Begin PBXBuildFile section */
		BCF435A11F7AFD9A00BADD6E /* AppDelegate.swift in Sources */ = {isa = PBXBuildFile; fileRef = BCF435A01F7AFD9A00BADD6E /* AppDelegate.swift */; };
		BCF435A31F7AFD9A00BADD6E /* ViewController.swift in Sources */ = {isa = PBXBuildFile; fileRef = BCF435A21F7AFD9A00BADD6E /* ViewController.swift */; };
		BCF435A61F7AFD9A00BADD6E /* Main.storyboard in Resources */ = {isa = PBXBuildFile; fileRef = BCF435A41F7AFD9A00BADD6E /* Main.storyboard */; };
		BCF435A81F7AFD9A00BADD6E /* Assets.xcassets in Resources */ = {isa = PBXBuildFile; fileRef = BCF435A71F7AFD9A00BADD6E /* Assets.xcassets */; };
		BCF435AB1F7AFD9A00BADD6E /* LaunchScreen.storyboard in Resources */ = {isa = PBXBuildFile; fileRef = BCF435A91F7AFD9A00BADD6E /* LaunchScreen.storyboard */; };
		BCF435B31F7AFF7100BADD6E /* TweenAnimation.swift in Sources */ = {isa = PBXBuildFile; fileRef = BCF435B21F7AFF7100BADD6E /* TweenAnimation.swift */; };
/* End PBXBuildFile section */

/* Begin PBXFileReference section */
		BCF4359D1F7AFD9A00BADD6E /* TweenAnimation.app */ = {isa = PBXFileReference; explicitFileType = wrapper.application; includeInIndex = 0; path = TweenAnimation.app; sourceTree = BUILT_PRODUCTS_DIR; };
		BCF435A01F7AFD9A00BADD6E /* AppDelegate.swift */ = {isa = PBXFileReference; lastKnownFileType = sourcecode.swift; path = AppDelegate.swift; sourceTree = "<group>"; };
		BCF435A21F7AFD9A00BADD6E /* ViewController.swift */ = {isa = PBXFileReference; lastKnownFileType = sourcecode.swift; path = ViewController.swift; sourceTree = "<group>"; };
		BCF435A51F7AFD9A00BADD6E /* Base */ = {isa = PBXFileReference; lastKnownFileType = file.storyboard; name = Base; path = Base.lproj/Main.storyboard; sourceTree = "<group>"; };
		BCF435A71F7AFD9A00BADD6E /* Assets.xcassets */ = {isa = PBXFileReference; lastKnownFileType = folder.assetcatalog; path = Assets.xcassets; sourceTree = "<group>"; };
		BCF435AA1F7AFD9A00BADD6E /* Base */ = {isa = PBXFileReference; lastKnownFileType = file.storyboard; name = Base; path = Base.lproj/LaunchScreen.storyboard; sourceTree = "<group>"; };
		BCF435AC1F7AFD9A00BADD6E /* Info.plist */ = {isa = PBXFileReference; lastKnownFileType = text.plist.xml; path = Info.plist; sourceTree = "<group>"; };
		BCF435B21F7AFF7100BADD6E /* TweenAnimation.swift */ = {isa = PBXFileReference; lastKnownFileType = sourcecode.swift; path = TweenAnimation.swift; sourceTree = "<group>"; };
/* End PBXFileReference section */

/* Begin PBXFrameworksBuildPhase section */
		BCF4359A1F7AFD9A00BADD6E /* Frameworks */ = {
			isa = PBXFrameworksBuildPhase;
			buildActionMask = 2147483647;
			files = (
			);
			runOnlyForDeploymentPostprocessing = 0;
		};
/* End PBXFrameworksBuildPhase section */

/* Begin PBXGroup section */
		BCF435941F7AFD9A00BADD6E = {
			isa = PBXGroup;
			children = (
				BCF4359F1F7AFD9A00BADD6E /* TweenAnimation */,
				BCF4359E1F7AFD9A00BADD6E /* Products */,
			);
			sourceTree = "<group>";
		};
		BCF4359E1F7AFD9A00BADD6E /* Products */ = {
			isa = PBXGroup;
			children = (
				BCF4359D1F7AFD9A00BADD6E /* TweenAnimation.app */,
			);
			name = Products;
			sourceTree = "<group>";
		};
		BCF4359F1F7AFD9A00BADD6E /* TweenAnimation */ = {
			isa = PBXGroup;
			children = (
				BCF435A01F7AFD9A00BADD6E /* AppDelegate.swift */,
				BCF435A21F7AFD9A00BADD6E /* ViewController.swift */,
				BCF435B21F7AFF7100BADD6E /* TweenAnimation.swift */,
				BCF435A41F7AFD9A00BADD6E /* Main.storyboard */,
				BCF435A71F7AFD9A00BADD6E /* Assets.xcassets */,
				BCF435A91F7AFD9A00BADD6E /* LaunchScreen.storyboard */,
				BCF435AC1F7AFD9A00BADD6E /* Info.plist */,
			);
			path = TweenAnimation;
			sourceTree = "<group>";
		};
/* End PBXGroup section */

/* Begin PBXNativeTarget section */
		BCF4359C1F7AFD9A00BADD6E /* TweenAnimation */ = {
			isa = PBXNativeTarget;
			buildConfigurationList = BCF435AF1F7AFD9A00BADD6E /* Build configuration list for PBXNativeTarget "TweenAnimation" */;
			buildPhases = (
				BCF435991F7AFD9A00BADD6E /* Sources */,
				BCF4359A1F7AFD9A00BADD6E /* Frameworks */,
				BCF4359B1F7AFD9A00BADD6E /* Resources */,
			);
			buildRules = (
			);
			dependencies = (
			);
			name = TweenAnimation;
			productName = TweenAnimation;
			productReference = BCF4359D1F7AFD9A00BADD6E /* TweenAnimation.app */;
			productType = "com.apple.product-type.application";
		};
/* End PBXNativeTarget section */

/* Begin PBXProject section */
		BCF435951F7AFD9A00BADD6E /* Project object */ = {
			isa = PBXProject;
			attributes = {
				LastSwiftUpdateCheck = 0900;
				LastUpgradeCheck = 0900;
				ORGANIZATIONNAME = "Brook Jones";
				TargetAttributes = {
					BCF4359C1F7AFD9A00BADD6E = {
						CreatedOnToolsVersion = 9.0;
						ProvisioningStyle = Automatic;
					};
				};
			};
			buildConfigurationList = BCF435981F7AFD9A00BADD6E /* Build configuration list for PBXProject "TweenAnimation" */;
			compatibilityVersion = "Xcode 8.0";
			developmentRegion = en;
			hasScannedForEncodings = 0;
			knownRegions = (
				en,
				Base,
			);
			mainGroup = BCF435941F7AFD9A00BADD6E;
			productRefGroup = BCF4359E1F7AFD9A00BADD6E /* Products */;
			projectDirPath = "";
			projectRoot = "";
			targets = (
				BCF4359C1F7AFD9A00BADD6E /* TweenAnimation */,
			);
		};
/* End PBXProject section */

/* Begin PBXResourcesBuildPhase section */
		BCF4359B1F7AFD9A00BADD6E /* Resources */ = {
			isa = PBXResourcesBuildPhase;
			buildActionMask = 2147483647;
			files = (
				BCF435AB1F7AFD9A00BADD6E /* LaunchScreen.storyboard in Resources */,
				BCF435A81F7AFD9A00BADD6E /* Assets.xcassets in Resources */,
				BCF435A61F7AFD9A00BADD6E /* Main.storyboard in Resources */,
			);
			runOnlyForDeploymentPostprocessing = 0;
		};
/* End PBXResourcesBuildPhase section */

/* Begin PBXSourcesBuildPhase section */
		BCF435991F7AFD9A00BADD6E /* Sources */ = {
			isa = PBXSourcesBuildPhase;
			buildActionMask = 2147483647;
			files = (
				BCF435A31F7AFD9A00BADD6E /* ViewController.swift in Sources */,
				BCF435B31F7AFF7100BADD6E /* TweenAnimation.swift in Sources */,
				BCF435A11F7AFD9A00BADD6E /* AppDelegate.swift in Sources */,
			);
			runOnlyForDeploymentPostprocessing = 0;
		};
/* End PBXSourcesBuildPhase section */

/* Begin PBXVariantGroup section */
		BCF435A41F7AFD9A00BADD6E /* Main.storyboard */ = {
			isa = PBXVariantGroup;
			children = (
				BCF435A51F7AFD9A00BADD6E /* Base */,
			);
			name = Main.storyboard;
			sourceTree = "<group>";
		};
		BCF435A91F7AFD9A00BADD6E /* LaunchScreen.storyboard */ = {
			isa = PBXVariantGroup;
			children = (
				BCF435AA1F7AFD9A00BADD6E /* Base */,
			);
			name = LaunchScreen.storyboard;
			sourceTree = "<group>";
		};
/* End PBXVariantGroup section */

/* Begin XCBuildConfiguration section */
		BCF435AD1F7AFD9A00BADD6E /* Debug */ = {
			isa = XCBuildConfiguration;
			buildSettings = {
				ALWAYS_SEARCH_USER_PATHS = NO;
				CLANG_ANALYZER_NONNULL = YES;
				CLANG_ANALYZER_NUMBER_OBJECT_CONVERSION = YES_AGGRESSIVE;
				CLANG_CXX_LANGUAGE_STANDARD = "gnu++14";
				CLANG_CXX_LIBRARY = "libc++";
				CLANG_ENABLE_MODULES = YES;
				CLANG_ENABLE_OBJC_ARC = YES;
				CLANG_WARN_BLOCK_CAPTURE_AUTORELEASING = YES;
				CLANG_WARN_BOOL_CONVERSION = YES;
				CLANG_WARN_COMMA = YES;
				CLANG_WARN_CONSTANT_CONVERSION = YES;
				CLANG_WARN_DIRECT_OBJC_ISA_USAGE = YES_ERROR;
				CLANG_WARN_DOCUMENTATION_COMMENTS = YES;
				CLANG_WARN_EMPTY_BODY = YES;
				CLANG_WARN_ENUM_CONVERSION = YES;
				CLANG_WARN_INFINITE_RECURSION = YES;
				CLANG_WARN_INT_CONVERSION = YES;
				CLANG_WARN_NON_LITERAL_NULL_CONVERSION = YES;
				CLANG_WARN_OBJC_LITERAL_CONVERSION = YES;
				CLANG_WARN_OBJC_ROOT_CLASS = YES_ERROR;
				CLANG_WARN_RANGE_LOOP_ANALYSIS = YES;
				CLANG_WARN_STRICT_PROTOTYPES = YES;
				CLANG_WARN_SUSPICIOUS_MOVE = YES;
				CLANG_WARN_UNGUARDED_AVAILABILITY = YES_AGGRESSIVE;
				CLANG_WARN_UNREACHABLE_CODE = YES;
				CLANG_WARN__DUPLICATE_METHOD_MATCH = YES;
				CODE_SIGN_IDENTITY = "iPhone Developer";
				COPY_PHASE_STRIP = NO;
				DEBUG_INFORMATION_FORMAT = dwarf;
				ENABLE_STRICT_OBJC_MSGSEND = YES;
				ENABLE_TESTABILITY = YES;
				GCC_C_LANGUAGE_STANDARD = gnu11;
				GCC_DYNAMIC_NO_PIC = NO;
				GCC_NO_COMMON_BLOCKS = YES;
				GCC_OPTIMIZATION_LEVEL = 0;
				GCC_PREPROCESSOR_DEFINITIONS = (
					"DEBUG=1",
					"$(inherited)",
				);
				GCC_WARN_64_TO_32_BIT_CONVERSION = YES;
				GCC_WARN_ABOUT_RETURN_TYPE = YES_ERROR;
				GCC_WARN_UNDECLARED_SELECTOR = YES;
				GCC_WARN_UNINITIALIZED_AUTOS = YES_AGGRESSIVE;
				GCC_WARN_UNUSED_FUNCTION = YES;
				GCC_WARN_UNUSED_VARIABLE = YES;
				IPHONEOS_DEPLOYMENT_TARGET = 11.0;
				MTL_ENABLE_DEBUG_INFO = YES;
				ONLY_ACTIVE_ARCH = YES;
				SDKROOT = iphoneos;
				SWIFT_ACTIVE_COMPILATION_CONDITIONS = DEBUG;
				SWIFT_OPTIMIZATION_LEVEL = "-Onone";
			};
			name = Debug;
		};
		BCF435AE1F7AFD9A00BADD6E /* Release */ = {
			isa = XCBuildConfiguration;
			buildSettings = {
				ALWAYS_SEARCH_USER_PATHS = NO;
				CLANG_ANALYZER_NONNULL = YES;
				CLANG_ANALYZER_NUMBER_OBJECT_CONVERSION = YES_AGGRESSIVE;
				CLANG_CXX_LANGUAGE_STANDARD = "gnu++14";
				CLANG_CXX_LIBRARY = "libc++";
				CLANG_ENABLE_MODULES = YES;
				CLANG_ENABLE_OBJC_ARC = YES;
				CLANG_WARN_BLOCK_CAPTURE_AUTORELEASING = YES;
				CLANG_WARN_BOOL_CONVERSION = YES;
				CLANG_WARN_COMMA = YES;
				CLANG_WARN_CONSTANT_CONVERSION = YES;
				CLANG_WARN_DIRECT_OBJC_ISA_USAGE = YES_ERROR;
				CLANG_WARN_DOCUMENTATION_COMMENTS = YES;
				CLANG_WARN_EMPTY_BODY = YES;
				CLANG_WARN_ENUM_CONVERSION = YES;
				CLANG_WARN_INFINITE_RECURSION = YES;
				CLANG_WARN_INT_CONVERSION = YES;
				CLANG_WARN_NON_LITERAL_NULL_CONVERSION = YES;
				CLANG_WARN_OBJC_LITERAL_CONVERSION = YES;
				CLANG_WARN_OBJC_ROOT_CLASS = YES_ERROR;
				CLANG_WARN_RANGE_LOOP_ANALYSIS = YES;
				CLANG_WARN_STRICT_PROTOTYPES = YES;
				CLANG_WARN_SUSPICIOUS_MOVE = YES;
				CLANG_WARN_UNGUARDED_AVAILABILITY = YES_AGGRESSIVE;
				CLANG_WARN_UNREACHABLE_CODE = YES;
				CLANG_WARN__DUPLICATE_METHOD_MATCH = YES;
				CODE_SIGN_IDENTITY = "iPhone Developer";
				COPY_PHASE_STRIP = NO;
				DEBUG_INFORMATION_FORMAT = "dwarf-with-dsym";
				ENABLE_NS_ASSERTIONS = NO;
				ENABLE_STRICT_OBJC_MSGSEND = YES;
				GCC_C_LANGUAGE_STANDARD = gnu11;
				GCC_NO_COMMON_BLOCKS = YES;
				GCC_WARN_64_TO_32_BIT_CONVERSION = YES;
				GCC_WARN_ABOUT_RETURN_TYPE = YES_ERROR;
				GCC_WARN_UNDECLARED_SELECTOR = YES;
				GCC_WARN_UNINITIALIZED_AUTOS = YES_AGGRESSIVE;
				GCC_WARN_UNUSED_FUNCTION = YES;
				GCC_WARN_UNUSED_VARIABLE = YES;
				IPHONEOS_DEPLOYMENT_TARGET = 11.0;
				MTL_ENABLE_DEBUG_INFO = NO;
				SDKROOT = iphoneos;
				SWIFT_OPTIMIZATION_LEVEL = "-Owholemodule";
				VALIDATE_PRODUCT = YES;
			};
			name = Release;
		};
		BCF435B01F7AFD9A00BADD6E /* Debug */ = {
			isa = XCBuildConfiguration;
			buildSettings = {
				ASSETCATALOG_COMPILER_APPICON_NAME = AppIcon;
				CODE_SIGN_STYLE = Automatic;
				DEVELOPMENT_TEAM = "";
				INFOPLIST_FILE = TweenAnimation/Info.plist;
				LD_RUNPATH_SEARCH_PATHS = "$(inherited) @executable_path/Frameworks";
				PRODUCT_BUNDLE_IDENTIFIER = ca.brookinc.TweenAnimation;
				PRODUCT_NAME = "$(TARGET_NAME)";
				SWIFT_VERSION = 4.0;
				TARGETED_DEVICE_FAMILY = "1,2";
			};
			name = Debug;
		};
		BCF435B11F7AFD9A00BADD6E /* Release */ = {
			isa = XCBuildConfiguration;
			buildSettings = {
				ASSETCATALOG_COMPILER_APPICON_NAME = AppIcon;
				CODE_SIGN_STYLE = Automatic;
				DEVELOPMENT_TEAM = "";
				INFOPLIST_FILE = TweenAnimation/Info.plist;
				LD_RUNPATH_SEARCH_PATHS = "$(inherited) @executable_path/Frameworks";
				PRODUCT_BUNDLE_IDENTIFIER = ca.brookinc.TweenAnimation;
				PRODUCT_NAME = "$(TARGET_NAME)";
				SWIFT_VERSION = 4.0;
				TARGETED_DEVICE_FAMILY = "1,2";
			};
			name = Release;
		};
/* End XCBuildConfiguration section */

/* Begin XCConfigurationList section */
		BCF435981F7AFD9A00BADD6E /* Build configuration list for PBXProject "TweenAnimation" */ = {
			isa = XCConfigurationList;
			buildConfigurations = (
				BCF435AD1F7AFD9A00BADD6E /* Debug */,
				BCF435AE1F7AFD9A00BADD6E /* Release */,
			);
			defaultConfigurationIsVisible = 0;
			defaultConfigurationName = Release;
		};
		BCF435AF1F7AFD9A00BADD6E /* Build configuration list for PBXNativeTarget "TweenAnimation" */ = {
			isa = XCConfigurationList;
			buildConfigurations = (
				BCF435B01F7AFD9A00BADD6E /* Debug */,
				BCF435B11F7AFD9A00BADD6E /* Release */,
			);
			defaultConfigurationIsVisible = 0;
			defaultConfigurationName = Release;
		};
/* End XCConfigurationList section */
	};
	rootObject = BCF435951F7AFD9A00BADD6E /* Project object */;
}
